
Microsoft Visual Studio Solution File, Format Version 12.00
# Visual Studio Version 16
VisualStudioVersion = 16.0.32630.194
MinimumVisualStudioVersion = 10.0.40219.1
Project("{FAE04EC0-301F-11D3-BF4B-00C04F79EFBC}") = "LINQDemo", "LINQDemo\LINQDemo.csproj", "{D50504EF-EA17-49A4-B024-49DCEA871CB1}"
EndProject
Global
	GlobalSection(SolutionConfigurationPlatforms) = preSolution
		Debug|Any CPU = Debug|Any CPU
		Release|Any CPU = Release|Any CPU
	EndGlobalSection
	GlobalSection(ProjectConfigurationPlatforms) = postSolution
		{D50504EF-EA17-49A4-B024-49DCEA871CB1}.Debug|Any CPU.ActiveCfg = Debug|Any CPU
		{D50504EF-EA17-49A4-B024-49DCEA871CB1}.Debug|Any CPU.Build.0 = Debug|Any CPU
		{D50504EF-EA17-49A4-B024-49DCEA871CB1}.Release|Any CPU.ActiveCfg = Release|Any CPU
		{D50504EF-EA17-49A4-B024-49DCEA871CB1}.Release|Any CPU.Build.0 = Release|Any CPU
	EndGlobalSection
	GlobalSection(SolutionProperties) = preSolution
		HideSolutionNode = FALSE
	EndGlobalSection
	GlobalSection(ExtensibilityGlobals) = postSolution
		SolutionGuid = {DBA2C16E-DDF4-45CF-A95E-A733191B3763}
	EndGlobalSection
EndGlobal
